
Microsoft Visual Studio Solution File, Format Version 12.00
# Visual Studio Version 17
VisualStudioVersion = 17.10.35122.118
MinimumVisualStudioVersion = 10.0.40219.1
Project("{FAE04EC0-301F-11D3-BF4B-00C04F79EFBC}") = "Telemetry", "Telemetry.csproj", "{8B50A99D-B7A2-46F9-A581-B5F58AD29A0E}"
EndProject
Global
	GlobalSection(SolutionConfigurationPlatforms) = preSolution
		Debug|Any CPU = Debug|Any CPU
		Release|Any CPU = Release|Any CPU
	EndGlobalSection
	GlobalSection(ProjectConfigurationPlatforms) = postSolution
		{8B50A99D-B7A2-46F9-A581-B5F58AD29A0E}.Debug|Any CPU.ActiveCfg = Debug|Any CPU
		{8B50A99D-B7A2-46F9-A581-B5F58AD29A0E}.Debug|Any CPU.Build.0 = Debug|Any CPU
		{8B50A99D-B7A2-46F9-A581-B5F58AD29A0E}.Release|Any CPU.ActiveCfg = Release|Any CPU
		{8B50A99D-B7A2-46F9-A581-B5F58AD29A0E}.Release|Any CPU.Build.0 = Release|Any CPU
	EndGlobalSection
	GlobalSection(SolutionProperties) = preSolution
		HideSolutionNode = FALSE
	EndGlobalSection
	GlobalSection(ExtensibilityGlobals) = postSolution
		SolutionGuid = {68367A2F-55AD-4FBF-A6F6-43CC8B58B830}
	EndGlobalSection
EndGlobal
